
Microsoft Visual Studio Solution File, Format Version 12.00
# Visual Studio Version 17
VisualStudioVersion = 17.8.34525.116
MinimumVisualStudioVersion = 10.0.40219.1
Project("{FAE04EC0-301F-11D3-BF4B-00C04F79EFBC}") = "WinFormAppRandomNumberGuessing", "WinFormAppRandomNumberGuessing.csproj", "{A49F1C26-1888-47ED-BCA3-A4003B40701F}"
EndProject
Global
	GlobalSection(SolutionConfigurationPlatforms) = preSolution
		Debug|Any CPU = Debug|Any CPU
		Release|Any CPU = Release|Any CPU
	EndGlobalSection
	GlobalSection(ProjectConfigurationPlatforms) = postSolution
		{A49F1C26-1888-47ED-BCA3-A4003B40701F}.Debug|Any CPU.ActiveCfg = Debug|Any CPU
		{A49F1C26-1888-47ED-BCA3-A4003B40701F}.Debug|Any CPU.Build.0 = Debug|Any CPU
		{A49F1C26-1888-47ED-BCA3-A4003B40701F}.Release|Any CPU.ActiveCfg = Release|Any CPU
		{A49F1C26-1888-47ED-BCA3-A4003B40701F}.Release|Any CPU.Build.0 = Release|Any CPU
	EndGlobalSection
	GlobalSection(SolutionProperties) = preSolution
		HideSolutionNode = FALSE
	EndGlobalSection
	GlobalSection(ExtensibilityGlobals) = postSolution
		SolutionGuid = {D2474F1B-C53F-4E78-86A2-31ABA775A6D4}
	EndGlobalSection
EndGlobal
